
Microsoft Visual Studio Solution File, Format Version 12.00
# Visual Studio Version 16
VisualStudioVersion = 16.0.30114.105
MinimumVisualStudioVersion = 10.0.40219.1
Project("{2150E333-8FDC-42A3-9474-1A3956D46DE8}") = "src", "src", "{4A0F6B90-5262-4AB5-A4BE-3C97F1F112BD}"
EndProject
Project("{FAE04EC0-301F-11D3-BF4B-00C04F79EFBC}") = "Api", "src\Api\Api.csproj", "{EDC50F99-E10B-4E8B-88FF-762AAEFE68E7}"
EndProject
Global
	GlobalSection(SolutionConfigurationPlatforms) = preSolution
		Debug|Any CPU = Debug|Any CPU
		Release|Any CPU = Release|Any CPU
	EndGlobalSection
	GlobalSection(SolutionProperties) = preSolution
		HideSolutionNode = FALSE
	EndGlobalSection
	GlobalSection(ProjectConfigurationPlatforms) = postSolution
		{EDC50F99-E10B-4E8B-88FF-762AAEFE68E7}.Debug|Any CPU.ActiveCfg = Debug|Any CPU
		{EDC50F99-E10B-4E8B-88FF-762AAEFE68E7}.Debug|Any CPU.Build.0 = Debug|Any CPU
		{EDC50F99-E10B-4E8B-88FF-762AAEFE68E7}.Release|Any CPU.ActiveCfg = Release|Any CPU
		{EDC50F99-E10B-4E8B-88FF-762AAEFE68E7}.Release|Any CPU.Build.0 = Release|Any CPU
	EndGlobalSection
	GlobalSection(NestedProjects) = preSolution
		{EDC50F99-E10B-4E8B-88FF-762AAEFE68E7} = {4A0F6B90-5262-4AB5-A4BE-3C97F1F112BD}
	EndGlobalSection
EndGlobal
